// !$*UTF8*$!
{
	archiveVersion = 1;
	classes = {
	};
	objectVersion = 56;
	objects = {

/* Begin PBXBuildFile section */
		70E8BE2C2DBA67F5004DAA36 /* SessionViewControllerExtension.swift in Sources */ = {isa = PBXBuildFile; fileRef = 70E8BE2B2DBA67F5004DAA36 /* SessionViewControllerExtension.swift */; };
		810AD1802A9805EA00F94F43 /* SessionViewController.swift in Sources */ = {isa = PBXBuildFile; fileRef = 810AD17F2A9805EA00F94F43 /* SessionViewController.swift */; };
		818048692A8397AD00AC891F /* AppDelegate.swift in Sources */ = {isa = PBXBuildFile; fileRef = 818048682A8397AD00AC891F /* AppDelegate.swift */; };
		8180486B2A8397AD00AC891F /* SceneDelegate.swift in Sources */ = {isa = PBXBuildFile; fileRef = 8180486A2A8397AD00AC891F /* SceneDelegate.swift */; };
		8180486D2A8397AD00AC891F /* StartViewController.swift in Sources */ = {isa = PBXBuildFile; fileRef = 8180486C2A8397AD00AC891F /* StartViewController.swift */; };
		818048702A8397AD00AC891F /* Main.storyboard in Resources */ = {isa = PBXBuildFile; fileRef = 8180486E2A8397AD00AC891F /* Main.storyboard */; };
		818048722A8397AE00AC891F /* Assets.xcassets in Resources */ = {isa = PBXBuildFile; fileRef = 818048712A8397AE00AC891F /* Assets.xcassets */; };
		818048752A8397AE00AC891F /* LaunchScreen.storyboard in Resources */ = {isa = PBXBuildFile; fileRef = 818048732A8397AE00AC891F /* LaunchScreen.storyboard */; };
		D70E3E372F57E6B6000D3FE5 /* CptShare in Frameworks */ = {isa = PBXBuildFile; productRef = D70E3E362F57E6B6000D3FE5 /* CptShare */; };
		D70E3E392F57E6B6000D3FE5 /* ZoomTask in Frameworks */ = {isa = PBXBuildFile; productRef = D70E3E382F57E6B6000D3FE5 /* ZoomTask */; };
		D70E3E3B2F57E6B6000D3FE5 /* ZoomVideoSDK in Frameworks */ = {isa = PBXBuildFile; productRef = D70E3E3A2F57E6B6000D3FE5 /* ZoomVideoSDK */; };
		E50B68E62EA7C3AC000DE3C6 /* CptShare in Frameworks */ = {isa = PBXBuildFile; productRef = E50B68E52EA7C3AC000DE3C6 /* CptShare */; };
		E50B68E82EA7C3AC000DE3C6 /* zm_annoter_dynamic in Frameworks */ = {isa = PBXBuildFile; productRef = E50B68E72EA7C3AC000DE3C6 /* zm_annoter_dynamic */; };
		E50B68EA2EA7C3AC000DE3C6 /* ZoomTask in Frameworks */ = {isa = PBXBuildFile; productRef = E50B68E92EA7C3AC000DE3C6 /* ZoomTask */; };
		E50B68EC2EA7C3AC000DE3C6 /* ZoomVideoSDK in Frameworks */ = {isa = PBXBuildFile; productRef = E50B68EB2EA7C3AC000DE3C6 /* ZoomVideoSDK */; };
		E533B3982E9CA0B7009D9729 /* sample_health_report.pdf in Resources */ = {isa = PBXBuildFile; fileRef = E533B3972E9CA0B7009D9729 /* sample_health_report.pdf */; };
/* End PBXBuildFile section */

/* Begin PBXCopyFilesBuildPhase section */
		E532DFCA2E84EB6600602778 /* Embed Foundation Extensions */ = {
			isa = PBXCopyFilesBuildPhase;
			buildActionMask = 2147483647;
			dstPath = "";
			dstSubfolderSpec = 13;
			files = (
			);
			name = "Embed Foundation Extensions";
			runOnlyForDeploymentPostprocessing = 0;
		};
/* End PBXCopyFilesBuildPhase section */

/* Begin PBXFileReference section */
		70E8BE2B2DBA67F5004DAA36 /* SessionViewControllerExtension.swift */ = {isa = PBXFileReference; lastKnownFileType = sourcecode.swift; path = SessionViewControllerExtension.swift; sourceTree = "<group>"; };
		810AD17F2A9805EA00F94F43 /* SessionViewController.swift */ = {isa = PBXFileReference; lastKnownFileType = sourcecode.swift; path = SessionViewController.swift; sourceTree = "<group>"; };
		818048652A8397AD00AC891F /* MyVideoSDKApp.app */ = {isa = PBXFileReference; explicitFileType = wrapper.application; includeInIndex = 0; path = MyVideoSDKApp.app; sourceTree = BUILT_PRODUCTS_DIR; };
		818048682A8397AD00AC891F /* AppDelegate.swift */ = {isa = PBXFileReference; lastKnownFileType = sourcecode.swift; path = AppDelegate.swift; sourceTree = "<group>"; };
		8180486A2A8397AD00AC891F /* SceneDelegate.swift */ = {isa = PBXFileReference; lastKnownFileType = sourcecode.swift; path = SceneDelegate.swift; sourceTree = "<group>"; };
		8180486C2A8397AD00AC891F /* StartViewController.swift */ = {isa = PBXFileReference; lastKnownFileType = sourcecode.swift; path = StartViewController.swift; sourceTree = "<group>"; };
		8180486F2A8397AD00AC891F /* Base */ = {isa = PBXFileReference; lastKnownFileType = file.storyboard; name = Base; path = Base.lproj/Main.storyboard; sourceTree = "<group>"; };
		818048712A8397AE00AC891F /* Assets.xcassets */ = {isa = PBXFileReference; lastKnownFileType = folder.assetcatalog; path = Assets.xcassets; sourceTree = "<group>"; };
		818048742A8397AE00AC891F /* Base */ = {isa = PBXFileReference; lastKnownFileType = file.storyboard; name = Base; path = Base.lproj/LaunchScreen.storyboard; sourceTree = "<group>"; };
		818048762A8397AE00AC891F /* Info.plist */ = {isa = PBXFileReference; lastKnownFileType = text.plist.xml; path = Info.plist; sourceTree = "<group>"; };
		E533B3972E9CA0B7009D9729 /* sample_health_report.pdf */ = {isa = PBXFileReference; lastKnownFileType = image.pdf; path = sample_health_report.pdf; sourceTree = "<group>"; };
/* End PBXFileReference section */

/* Begin PBXFrameworksBuildPhase section */
		818048622A8397AD00AC891F /* Frameworks */ = {
			isa = PBXFrameworksBuildPhase;
			buildActionMask = 2147483647;
			files = (
				D70E3E392F57E6B6000D3FE5 /* ZoomTask in Frameworks */,
				D70E3E3B2F57E6B6000D3FE5 /* ZoomVideoSDK in Frameworks */,
				E50B68EA2EA7C3AC000DE3C6 /* ZoomTask in Frameworks */,
				E50B68EC2EA7C3AC000DE3C6 /* ZoomVideoSDK in Frameworks */,
				D70E3E372F57E6B6000D3FE5 /* CptShare in Frameworks */,
				E50B68E62EA7C3AC000DE3C6 /* CptShare in Frameworks */,
				E50B68E82EA7C3AC000DE3C6 /* zm_annoter_dynamic in Frameworks */,
			);
			runOnlyForDeploymentPostprocessing = 0;
		};
/* End PBXFrameworksBuildPhase section */

/* Begin PBXGroup section */
		8180485C2A8397AD00AC891F = {
			isa = PBXGroup;
			children = (
				818048672A8397AD00AC891F /* MyVideoSDKApp */,
				818048662A8397AD00AC891F /* Products */,
				8180487E2A839BCD00AC891F /* Frameworks */,
			);
			sourceTree = "<group>";
		};
		818048662A8397AD00AC891F /* Products */ = {
			isa = PBXGroup;
			children = (
				818048652A8397AD00AC891F /* MyVideoSDKApp.app */,
			);
			name = Products;
			sourceTree = "<group>";
		};
		818048672A8397AD00AC891F /* MyVideoSDKApp */ = {
			isa = PBXGroup;
			children = (
				E533B3972E9CA0B7009D9729 /* sample_health_report.pdf */,
				818048682A8397AD00AC891F /* AppDelegate.swift */,
				8180486A2A8397AD00AC891F /* SceneDelegate.swift */,
				8180486C2A8397AD00AC891F /* StartViewController.swift */,
				810AD17F2A9805EA00F94F43 /* SessionViewController.swift */,
				70E8BE2B2DBA67F5004DAA36 /* SessionViewControllerExtension.swift */,
				8180486E2A8397AD00AC891F /* Main.storyboard */,
				818048712A8397AE00AC891F /* Assets.xcassets */,
				818048732A8397AE00AC891F /* LaunchScreen.storyboard */,
				818048762A8397AE00AC891F /* Info.plist */,
			);
			path = MyVideoSDKApp;
			sourceTree = "<group>";
		};
		8180487E2A839BCD00AC891F /* Frameworks */ = {
			isa = PBXGroup;
			children = (
			);
			name = Frameworks;
			sourceTree = "<group>";
		};
/* End PBXGroup section */

/* Begin PBXNativeTarget section */
		818048642A8397AD00AC891F /* MyVideoSDKApp */ = {
			isa = PBXNativeTarget;
			buildConfigurationList = 818048792A8397AE00AC891F /* Build configuration list for PBXNativeTarget "MyVideoSDKApp" */;
			buildPhases = (
				818048612A8397AD00AC891F /* Sources */,
				818048622A8397AD00AC891F /* Frameworks */,
				818048632A8397AD00AC891F /* Resources */,
				E532DFCA2E84EB6600602778 /* Embed Foundation Extensions */,
			);
			buildRules = (
			);
			dependencies = (
			);
			name = MyVideoSDKApp;
			productName = MyVideoSDKApp;
			productReference = 818048652A8397AD00AC891F /* MyVideoSDKApp.app */;
			productType = "com.apple.product-type.application";
		};
/* End PBXNativeTarget section */

/* Begin PBXProject section */
		8180485D2A8397AD00AC891F /* Project object */ = {
			isa = PBXProject;
			attributes = {
				BuildIndependentTargetsInParallel = 1;
				LastSwiftUpdateCheck = 2600;
				LastUpgradeCheck = 1430;
				TargetAttributes = {
					818048642A8397AD00AC891F = {
						CreatedOnToolsVersion = 14.3.1;
					};
				};
			};
			buildConfigurationList = 818048602A8397AD00AC891F /* Build configuration list for PBXProject "MyVideoSDKApp" */;
			compatibilityVersion = "Xcode 14.0";
			developmentRegion = en;
			hasScannedForEncodings = 0;
			knownRegions = (
				en,
				Base,
			);
			mainGroup = 8180485C2A8397AD00AC891F;
			packageReferences = (
				D70E3E352F57E6B6000D3FE5 /* XCRemoteSwiftPackageReference "videosdk-ios" */,
			);
			productRefGroup = 818048662A8397AD00AC891F /* Products */;
			projectDirPath = "";
			projectRoot = "";
			targets = (
				818048642A8397AD00AC891F /* MyVideoSDKApp */,
			);
		};
/* End PBXProject section */

/* Begin PBXResourcesBuildPhase section */
		818048632A8397AD00AC891F /* Resources */ = {
			isa = PBXResourcesBuildPhase;
			buildActionMask = 2147483647;
			files = (
				818048752A8397AE00AC891F /* LaunchScreen.storyboard in Resources */,
				818048722A8397AE00AC891F /* Assets.xcassets in Resources */,
				E533B3982E9CA0B7009D9729 /* sample_health_report.pdf in Resources */,
				818048702A8397AD00AC891F /* Main.storyboard in Resources */,
			);
			runOnlyForDeploymentPostprocessing = 0;
		};
/* End PBXResourcesBuildPhase section */

/* Begin PBXSourcesBuildPhase section */
		818048612A8397AD00AC891F /* Sources */ = {
			isa = PBXSourcesBuildPhase;
			buildActionMask = 2147483647;
			files = (
				8180486D2A8397AD00AC891F /* StartViewController.swift in Sources */,
				70E8BE2C2DBA67F5004DAA36 /* SessionViewControllerExtension.swift in Sources */,
				810AD1802A9805EA00F94F43 /* SessionViewController.swift in Sources */,
				818048692A8397AD00AC891F /* AppDelegate.swift in Sources */,
				8180486B2A8397AD00AC891F /* SceneDelegate.swift in Sources */,
			);
			runOnlyForDeploymentPostprocessing = 0;
		};
/* End PBXSourcesBuildPhase section */

/* Begin PBXVariantGroup section */
		8180486E2A8397AD00AC891F /* Main.storyboard */ = {
			isa = PBXVariantGroup;
			children = (
				8180486F2A8397AD00AC891F /* Base */,
			);
			name = Main.storyboard;
			sourceTree = "<group>";
		};
		818048732A8397AE00AC891F /* LaunchScreen.storyboard */ = {
			isa = PBXVariantGroup;
			children = (
				818048742A8397AE00AC891F /* Base */,
			);
			name = LaunchScreen.storyboard;
			sourceTree = "<group>";
		};
/* End PBXVariantGroup section */

/* Begin XCBuildConfiguration section */
		818048772A8397AE00AC891F /* Debug */ = {
			isa = XCBuildConfiguration;
			buildSettings = {
				ALWAYS_SEARCH_USER_PATHS = NO;
				CLANG_ANALYZER_NONNULL = YES;
				CLANG_ANALYZER_NUMBER_OBJECT_CONVERSION = YES_AGGRESSIVE;
				CLANG_CXX_LANGUAGE_STANDARD = "gnu++20";
				CLANG_ENABLE_MODULES = YES;
				CLANG_ENABLE_OBJC_ARC = YES;
				CLANG_ENABLE_OBJC_WEAK = YES;
				CLANG_WARN_BLOCK_CAPTURE_AUTORELEASING = YES;
				CLANG_WARN_BOOL_CONVERSION = YES;
				CLANG_WARN_COMMA = YES;
				CLANG_WARN_CONSTANT_CONVERSION = YES;
				CLANG_WARN_DEPRECATED_OBJC_IMPLEMENTATIONS = YES;
				CLANG_WARN_DIRECT_OBJC_ISA_USAGE = YES_ERROR;
				CLANG_WARN_DOCUMENTATION_COMMENTS = YES;
				CLANG_WARN_EMPTY_BODY = YES;
				CLANG_WARN_ENUM_CONVERSION = YES;
				CLANG_WARN_INFINITE_RECURSION = YES;
				CLANG_WARN_INT_CONVERSION = YES;
				CLANG_WARN_NON_LITERAL_NULL_CONVERSION = YES;
				CLANG_WARN_OBJC_IMPLICIT_RETAIN_SELF = YES;
				CLANG_WARN_OBJC_LITERAL_CONVERSION = YES;
				CLANG_WARN_OBJC_ROOT_CLASS = YES_ERROR;
				CLANG_WARN_QUOTED_INCLUDE_IN_FRAMEWORK_HEADER = YES;
				CLANG_WARN_RANGE_LOOP_ANALYSIS = YES;
				CLANG_WARN_STRICT_PROTOTYPES = YES;
				CLANG_WARN_SUSPICIOUS_MOVE = YES;
				CLANG_WARN_UNGUARDED_AVAILABILITY = YES_AGGRESSIVE;
				CLANG_WARN_UNREACHABLE_CODE = YES;
				CLANG_WARN__DUPLICATE_METHOD_MATCH = YES;
				COPY_PHASE_STRIP = NO;
				DEBUG_INFORMATION_FORMAT = dwarf;
				ENABLE_STRICT_OBJC_MSGSEND = YES;
				ENABLE_TESTABILITY = YES;
				GCC_C_LANGUAGE_STANDARD = gnu11;
				GCC_DYNAMIC_NO_PIC = NO;
				GCC_NO_COMMON_BLOCKS = YES;
				GCC_OPTIMIZATION_LEVEL = 0;
				GCC_PREPROCESSOR_DEFINITIONS = (
					"DEBUG=1",
					"$(inherited)",
				);
				GCC_WARN_64_TO_32_BIT_CONVERSION = YES;
				GCC_WARN_ABOUT_RETURN_TYPE = YES_ERROR;
				GCC_WARN_UNDECLARED_SELECTOR = YES;
				GCC_WARN_UNINITIALIZED_AUTOS = YES_AGGRESSIVE;
				GCC_WARN_UNUSED_FUNCTION = YES;
				GCC_WARN_UNUSED_VARIABLE = YES;
				IPHONEOS_DEPLOYMENT_TARGET = 16.4;
				MTL_ENABLE_DEBUG_INFO = INCLUDE_SOURCE;
				MTL_FAST_MATH = YES;
				ONLY_ACTIVE_ARCH = YES;
				SDKROOT = iphoneos;
				SWIFT_ACTIVE_COMPILATION_CONDITIONS = DEBUG;
				SWIFT_OPTIMIZATION_LEVEL = "-Onone";
			};
			name = Debug;
		};
		818048782A8397AE00AC891F /* Release */ = {
			isa = XCBuildConfiguration;
			buildSettings = {
				ALWAYS_SEARCH_USER_PATHS = NO;
				CLANG_ANALYZER_NONNULL = YES;
				CLANG_ANALYZER_NUMBER_OBJECT_CONVERSION = YES_AGGRESSIVE;
				CLANG_CXX_LANGUAGE_STANDARD = "gnu++20";
				CLANG_ENABLE_MODULES = YES;
				CLANG_ENABLE_OBJC_ARC = YES;
				CLANG_ENABLE_OBJC_WEAK = YES;
				CLANG_WARN_BLOCK_CAPTURE_AUTORELEASING = YES;
				CLANG_WARN_BOOL_CONVERSION = YES;
				CLANG_WARN_COMMA = YES;
				CLANG_WARN_CONSTANT_CONVERSION = YES;
				CLANG_WARN_DEPRECATED_OBJC_IMPLEMENTATIONS = YES;
				CLANG_WARN_DIRECT_OBJC_ISA_USAGE = YES_ERROR;
				CLANG_WARN_DOCUMENTATION_COMMENTS = YES;
				CLANG_WARN_EMPTY_BODY = YES;
				CLANG_WARN_ENUM_CONVERSION = YES;
				CLANG_WARN_INFINITE_RECURSION = YES;
				CLANG_WARN_INT_CONVERSION = YES;
				CLANG_WARN_NON_LITERAL_NULL_CONVERSION = YES;
				CLANG_WARN_OBJC_IMPLICIT_RETAIN_SELF = YES;
				CLANG_WARN_OBJC_LITERAL_CONVERSION = YES;
				CLANG_WARN_OBJC_ROOT_CLASS = YES_ERROR;
				CLANG_WARN_QUOTED_INCLUDE_IN_FRAMEWORK_HEADER = YES;
				CLANG_WARN_RANGE_LOOP_ANALYSIS = YES;
				CLANG_WARN_STRICT_PROTOTYPES = YES;
				CLANG_WARN_SUSPICIOUS_MOVE = YES;
				CLANG_WARN_UNGUARDED_AVAILABILITY = YES_AGGRESSIVE;
				CLANG_WARN_UNREACHABLE_CODE = YES;
				CLANG_WARN__DUPLICATE_METHOD_MATCH = YES;
				COPY_PHASE_STRIP = NO;
				DEBUG_INFORMATION_FORMAT = "dwarf-with-dsym";
				ENABLE_NS_ASSERTIONS = NO;
				ENABLE_STRICT_OBJC_MSGSEND = YES;
				GCC_C_LANGUAGE_STANDARD = gnu11;
				GCC_NO_COMMON_BLOCKS = YES;
				GCC_WARN_64_TO_32_BIT_CONVERSION = YES;
				GCC_WARN_ABOUT_RETURN_TYPE = YES_ERROR;
				GCC_WARN_UNDECLARED_SELECTOR = YES;
				GCC_WARN_UNINITIALIZED_AUTOS = YES_AGGRESSIVE;
				GCC_WARN_UNUSED_FUNCTION = YES;
				GCC_WARN_UNUSED_VARIABLE = YES;
				IPHONEOS_DEPLOYMENT_TARGET = 16.4;
				MTL_ENABLE_DEBUG_INFO = NO;
				MTL_FAST_MATH = YES;
				SDKROOT = iphoneos;
				SWIFT_COMPILATION_MODE = wholemodule;
				SWIFT_OPTIMIZATION_LEVEL = "-O";
				VALIDATE_PRODUCT = YES;
			};
			name = Release;
		};
		8180487A2A8397AE00AC891F /* Debug */ = {
			isa = XCBuildConfiguration;
			buildSettings = {
				ASSETCATALOG_COMPILER_APPICON_NAME = AppIcon;
				ASSETCATALOG_COMPILER_GLOBAL_ACCENT_COLOR_NAME = AccentColor;
				ASSETCATALOG_COMPILER_INCLUDE_ALL_APPICON_ASSETS = YES;
				CODE_SIGN_ENTITLEMENTS = MyVideoSDKApp/MyVideoSDKApp.entitlements;
				CODE_SIGN_IDENTITY = "Apple Development";
				CODE_SIGN_STYLE = Automatic;
				CURRENT_PROJECT_VERSION = 1;
				DEVELOPMENT_TEAM = 6KV86JR89E;
				GENERATE_INFOPLIST_FILE = YES;
				INFOPLIST_FILE = MyVideoSDKApp/Info.plist;
				INFOPLIST_KEY_CFBundleDisplayName = "My VSDK App";
				INFOPLIST_KEY_NSBluetoothPeripheralUsageDescription = "Required for Bluetooth audio devices";
				INFOPLIST_KEY_NSCameraUsageDescription = "Required for Video";
				INFOPLIST_KEY_NSMicrophoneUsageDescription = "Required for Audio";
				INFOPLIST_KEY_UIApplicationSupportsIndirectInputEvents = YES;
				INFOPLIST_KEY_UILaunchStoryboardName = LaunchScreen;
				INFOPLIST_KEY_UIMainStoryboardFile = Main;
				INFOPLIST_KEY_UISupportedInterfaceOrientations_iPad = "UIInterfaceOrientationPortrait UIInterfaceOrientationPortraitUpsideDown UIInterfaceOrientationLandscapeLeft UIInterfaceOrientationLandscapeRight";
				INFOPLIST_KEY_UISupportedInterfaceOrientations_iPhone = "UIInterfaceOrientationPortrait UIInterfaceOrientationLandscapeLeft UIInterfaceOrientationLandscapeRight";
				IPHONEOS_DEPLOYMENT_TARGET = 15.6;
				LD_RUNPATH_SEARCH_PATHS = (
					"$(inherited)",
					"@executable_path/Frameworks",
				);
				MARKETING_VERSION = 1.0;
				PRODUCT_BUNDLE_IDENTIFIER = com.boonjuntan.ZoomVSDKUIKitiOS.ZoomVideoSDKUIKitSample;
				PRODUCT_NAME = "$(TARGET_NAME)";
				PROVISIONING_PROFILE_SPECIFIER = "";
				SWIFT_EMIT_LOC_STRINGS = YES;
				SWIFT_VERSION = 5.0;
				TARGETED_DEVICE_FAMILY = "1,2";
			};
			name = Debug;
		};
		8180487B2A8397AE00AC891F /* Release */ = {
			isa = XCBuildConfiguration;
			buildSettings = {
				ASSETCATALOG_COMPILER_APPICON_NAME = AppIcon;
				ASSETCATALOG_COMPILER_GLOBAL_ACCENT_COLOR_NAME = AccentColor;
				ASSETCATALOG_COMPILER_INCLUDE_ALL_APPICON_ASSETS = YES;
				CODE_SIGN_ENTITLEMENTS = MyVideoSDKApp/MyVideoSDKApp.entitlements;
				CODE_SIGN_IDENTITY = "Apple Development";
				CODE_SIGN_STYLE = Automatic;
				CURRENT_PROJECT_VERSION = 1;
				DEVELOPMENT_TEAM = 6KV86JR89E;
				GENERATE_INFOPLIST_FILE = YES;
				INFOPLIST_FILE = MyVideoSDKApp/Info.plist;
				INFOPLIST_KEY_CFBundleDisplayName = "My VSDK App";
				INFOPLIST_KEY_NSBluetoothPeripheralUsageDescription = "Required for Bluetooth audio devices";
				INFOPLIST_KEY_NSCameraUsageDescription = "Required for Video";
				INFOPLIST_KEY_NSMicrophoneUsageDescription = "Required for Audio";
				INFOPLIST_KEY_UIApplicationSupportsIndirectInputEvents = YES;
				INFOPLIST_KEY_UILaunchStoryboardName = LaunchScreen;
				INFOPLIST_KEY_UIMainStoryboardFile = Main;
				INFOPLIST_KEY_UISupportedInterfaceOrientations_iPad = "UIInterfaceOrientationPortrait UIInterfaceOrientationPortraitUpsideDown UIInterfaceOrientationLandscapeLeft UIInterfaceOrientationLandscapeRight";
				INFOPLIST_KEY_UISupportedInterfaceOrientations_iPhone = "UIInterfaceOrientationPortrait UIInterfaceOrientationLandscapeLeft UIInterfaceOrientationLandscapeRight";
				IPHONEOS_DEPLOYMENT_TARGET = 15.6;
				LD_RUNPATH_SEARCH_PATHS = (
					"$(inherited)",
					"@executable_path/Frameworks",
				);
				MARKETING_VERSION = 1.0;
				PRODUCT_BUNDLE_IDENTIFIER = com.boonjuntan.ZoomVSDKUIKitiOS.ZoomVideoSDKUIKitSample;
				PRODUCT_NAME = "$(TARGET_NAME)";
				PROVISIONING_PROFILE_SPECIFIER = "";
				SWIFT_EMIT_LOC_STRINGS = YES;
				SWIFT_VERSION = 5.0;
				TARGETED_DEVICE_FAMILY = "1,2";
			};
			name = Release;
		};
/* End XCBuildConfiguration section */

/* Begin XCConfigurationList section */
		818048602A8397AD00AC891F /* Build configuration list for PBXProject "MyVideoSDKApp" */ = {
			isa = XCConfigurationList;
			buildConfigurations = (
				818048772A8397AE00AC891F /* Debug */,
				818048782A8397AE00AC891F /* Release */,
			);
			defaultConfigurationIsVisible = 0;
			defaultConfigurationName = Release;
		};
		818048792A8397AE00AC891F /* Build configuration list for PBXNativeTarget "MyVideoSDKApp" */ = {
			isa = XCConfigurationList;
			buildConfigurations = (
				8180487A2A8397AE00AC891F /* Debug */,
				8180487B2A8397AE00AC891F /* Release */,
			);
			defaultConfigurationIsVisible = 0;
			defaultConfigurationName = Release;
		};
/* End XCConfigurationList section */

/* Begin XCRemoteSwiftPackageReference section */
		D70E3E352F57E6B6000D3FE5 /* XCRemoteSwiftPackageReference "videosdk-ios" */ = {
			isa = XCRemoteSwiftPackageReference;
			repositoryURL = "https://github.com/zoom/videosdk-ios/";
			requirement = {
				branch = "swift-package-manager";
				kind = branch;
			};
		};
		E533B3992EA0CD8C009D9729 /* XCRemoteSwiftPackageReference "zoom-video-sdk-iOS" */ = {
			isa = XCRemoteSwiftPackageReference;
			repositoryURL = "https://github.com/zoom/zoom-video-sdk-iOS/";
			requirement = {
				branch = "swift-package-manager";
				kind = branch;
			};
		};
/* End XCRemoteSwiftPackageReference section */

/* Begin XCSwiftPackageProductDependency section */
		D70E3E362F57E6B6000D3FE5 /* CptShare */ = {
			isa = XCSwiftPackageProductDependency;
			package = D70E3E352F57E6B6000D3FE5 /* XCRemoteSwiftPackageReference "videosdk-ios" */;
			productName = CptShare;
		};
		D70E3E382F57E6B6000D3FE5 /* ZoomTask */ = {
			isa = XCSwiftPackageProductDependency;
			package = D70E3E352F57E6B6000D3FE5 /* XCRemoteSwiftPackageReference "videosdk-ios" */;
			productName = ZoomTask;
		};
		D70E3E3A2F57E6B6000D3FE5 /* ZoomVideoSDK */ = {
			isa = XCSwiftPackageProductDependency;
			package = D70E3E352F57E6B6000D3FE5 /* XCRemoteSwiftPackageReference "videosdk-ios" */;
			productName = ZoomVideoSDK;
		};
		E50B68E52EA7C3AC000DE3C6 /* CptShare */ = {
			isa = XCSwiftPackageProductDependency;
			package = E533B3992EA0CD8C009D9729 /* XCRemoteSwiftPackageReference "zoom-video-sdk-iOS" */;
			productName = CptShare;
		};
		E50B68E72EA7C3AC000DE3C6 /* zm_annoter_dynamic */ = {
			isa = XCSwiftPackageProductDependency;
			package = E533B3992EA0CD8C009D9729 /* XCRemoteSwiftPackageReference "zoom-video-sdk-iOS" */;
			productName = zm_annoter_dynamic;
		};
		E50B68E92EA7C3AC000DE3C6 /* ZoomTask */ = {
			isa = XCSwiftPackageProductDependency;
			package = E533B3992EA0CD8C009D9729 /* XCRemoteSwiftPackageReference "zoom-video-sdk-iOS" */;
			productName = ZoomTask;
		};
		E50B68EB2EA7C3AC000DE3C6 /* ZoomVideoSDK */ = {
			isa = XCSwiftPackageProductDependency;
			package = E533B3992EA0CD8C009D9729 /* XCRemoteSwiftPackageReference "zoom-video-sdk-iOS" */;
			productName = ZoomVideoSDK;
		};
/* End XCSwiftPackageProductDependency section */
	};
	rootObject = 8180485D2A8397AD00AC891F /* Project object */;
}
