{
  "originHash" : "1a97bf2964166f757fb3abfb50536c9e0eea63adc904ef13e9b6b8faa9ce356c",
  "pins" : [
    {
      "identity" : "zoom-video-sdk-ios",
      "kind" : "remoteSourceControl",
      "location" : "https://github.com/zoom/zoom-video-sdk-iOS/",
      "state" : {
        "branch" : "swift-package-manager",
        "revision" : "41e5005327cd2aa1fa0455661c6ed475c1813511"
      }
    }
  ],
  "version" : 3
}
